
Microsoft Visual Studio Solution File, Format Version 12.00
# Visual Studio Version 17
VisualStudioVersion = 17.11.35222.181
MinimumVisualStudioVersion = 10.0.40219.1
Project("{FAE04EC0-301F-11D3-BF4B-00C04F79EFBC}") = "23DH110315_MyStore11", "23DH110315_MyStore11\23DH110315_MyStore11.csproj", "{3BCF45FA-2CCB-4F67-9B2A-4C249B2EFB2A}"
EndProject
Global
	GlobalSection(SolutionConfigurationPlatforms) = preSolution
		Debug|Any CPU = Debug|Any CPU
		Release|Any CPU = Release|Any CPU
	EndGlobalSection
	GlobalSection(ProjectConfigurationPlatforms) = postSolution
		{3BCF45FA-2CCB-4F67-9B2A-4C249B2EFB2A}.Debug|Any CPU.ActiveCfg = Debug|Any CPU
		{3BCF45FA-2CCB-4F67-9B2A-4C249B2EFB2A}.Debug|Any CPU.Build.0 = Debug|Any CPU
		{3BCF45FA-2CCB-4F67-9B2A-4C249B2EFB2A}.Release|Any CPU.ActiveCfg = Release|Any CPU
		{3BCF45FA-2CCB-4F67-9B2A-4C249B2EFB2A}.Release|Any CPU.Build.0 = Release|Any CPU
	EndGlobalSection
	GlobalSection(SolutionProperties) = preSolution
		HideSolutionNode = FALSE
	EndGlobalSection
	GlobalSection(ExtensibilityGlobals) = postSolution
		SolutionGuid = {19945599-AE72-435A-811C-C8FA4414197B}
	EndGlobalSection
EndGlobal
